// !$*UTF8*$!
{
	archiveVersion = 1;
	classes = {
	};
	objectVersion = 56;
	objects = {

/* Begin PBXBuildFile section */
		EE0F4BDB2ABA1ECB008A80ED /* ParticleEffect.swift in Sources */ = {isa = PBXBuildFile; fileRef = EE0F4BDA2ABA1ECB008A80ED /* ParticleEffect.swift */; };
		EE2A7AC82A8E61DA00C03BB0 /* Practice_SwiftUIApp.swift in Sources */ = {isa = PBXBuildFile; fileRef = EE2A7AC72A8E61DA00C03BB0 /* Practice_SwiftUIApp.swift */; };
		EE2A7ACC2A8E61DB00C03BB0 /* Assets.xcassets in Resources */ = {isa = PBXBuildFile; fileRef = EE2A7ACB2A8E61DB00C03BB0 /* Assets.xcassets */; };
		EE2A7AF82A8E61FB00C03BB0 /* StickyEffect.swift in Sources */ = {isa = PBXBuildFile; fileRef = EE2A7AF72A8E61FB00C03BB0 /* StickyEffect.swift */; };
		EED5D4A22B30719B00CDD7B5 /* bookmark.json in Resources */ = {isa = PBXBuildFile; fileRef = EED5D49D2B30719B00CDD7B5 /* bookmark.json */; };
		EED5D4A32B30719B00CDD7B5 /* chat.json in Resources */ = {isa = PBXBuildFile; fileRef = EED5D49E2B30719B00CDD7B5 /* chat.json */; };
		EED5D4A42B30719B00CDD7B5 /* notification.json in Resources */ = {isa = PBXBuildFile; fileRef = EED5D49F2B30719B00CDD7B5 /* notification.json */; };
		EED5D4A52B30719B00CDD7B5 /* home.json in Resources */ = {isa = PBXBuildFile; fileRef = EED5D4A02B30719B00CDD7B5 /* home.json */; };
		EED5D4A62B30719B00CDD7B5 /* account.json in Resources */ = {isa = PBXBuildFile; fileRef = EED5D4A12B30719B00CDD7B5 /* account.json */; };
		EED5D4A92B3071E800CDD7B5 /* AnimatedTabBar.swift in Sources */ = {isa = PBXBuildFile; fileRef = EED5D4A82B3071E800CDD7B5 /* AnimatedTabBar.swift */; };
		EED5D4AB2B30723900CDD7B5 /* TabTypes.swift in Sources */ = {isa = PBXBuildFile; fileRef = EED5D4AA2B30723900CDD7B5 /* TabTypes.swift */; };
		EED5D4AD2B30758200CDD7B5 /* AnimateTabbarViewModel.swift in Sources */ = {isa = PBXBuildFile; fileRef = EED5D4AC2B30758200CDD7B5 /* AnimateTabbarViewModel.swift */; };
		EEEF1F202B3086DB003A1DA2 /* Person.swift in Sources */ = {isa = PBXBuildFile; fileRef = EEEF1F1F2B3086DB003A1DA2 /* Person.swift */; };
		EEEF1F222B308F13003A1DA2 /* Building Reusable Components.xcassets in Resources */ = {isa = PBXBuildFile; fileRef = EEEF1F212B308F13003A1DA2 /* Building Reusable Components.xcassets */; };
		EEEF1F242B308F81003A1DA2 /* BuildingReusableComponents.swift in Sources */ = {isa = PBXBuildFile; fileRef = EEEF1F232B308F81003A1DA2 /* BuildingReusableComponents.swift */; };
		EEEF1F262B3097F6003A1DA2 /* AvatarView.swift in Sources */ = {isa = PBXBuildFile; fileRef = EEEF1F252B3097F6003A1DA2 /* AvatarView.swift */; };
		EEEF1F282B30AA74003A1DA2 /* AvatarEnvironmentValues.swift in Sources */ = {isa = PBXBuildFile; fileRef = EEEF1F272B30AA74003A1DA2 /* AvatarEnvironmentValues.swift */; };
		EEEF1F2A2B30B2EF003A1DA2 /* DefaultAvatarStyle.swift in Sources */ = {isa = PBXBuildFile; fileRef = EEEF1F292B30B2EF003A1DA2 /* DefaultAvatarStyle.swift */; };
/* End PBXBuildFile section */

/* Begin PBXFileReference section */
		EE0F4BDA2ABA1ECB008A80ED /* ParticleEffect.swift */ = {isa = PBXFileReference; lastKnownFileType = sourcecode.swift; path = ParticleEffect.swift; sourceTree = "<group>"; };
		EE2A7AC42A8E61DA00C03BB0 /* Practice SwiftUI.app */ = {isa = PBXFileReference; explicitFileType = wrapper.application; includeInIndex = 0; path = "Practice SwiftUI.app"; sourceTree = BUILT_PRODUCTS_DIR; };
		EE2A7AC72A8E61DA00C03BB0 /* Practice_SwiftUIApp.swift */ = {isa = PBXFileReference; lastKnownFileType = sourcecode.swift; path = Practice_SwiftUIApp.swift; sourceTree = "<group>"; };
		EE2A7ACB2A8E61DB00C03BB0 /* Assets.xcassets */ = {isa = PBXFileReference; lastKnownFileType = folder.assetcatalog; path = Assets.xcassets; sourceTree = "<group>"; };
		EE2A7AF72A8E61FB00C03BB0 /* StickyEffect.swift */ = {isa = PBXFileReference; fileEncoding = 4; lastKnownFileType = sourcecode.swift; path = StickyEffect.swift; sourceTree = "<group>"; };
		EED5D49D2B30719B00CDD7B5 /* bookmark.json */ = {isa = PBXFileReference; fileEncoding = 4; lastKnownFileType = text.json; path = bookmark.json; sourceTree = "<group>"; };
		EED5D49E2B30719B00CDD7B5 /* chat.json */ = {isa = PBXFileReference; fileEncoding = 4; lastKnownFileType = text.json; path = chat.json; sourceTree = "<group>"; };
		EED5D49F2B30719B00CDD7B5 /* notification.json */ = {isa = PBXFileReference; fileEncoding = 4; lastKnownFileType = text.json; path = notification.json; sourceTree = "<group>"; };
		EED5D4A02B30719B00CDD7B5 /* home.json */ = {isa = PBXFileReference; fileEncoding = 4; lastKnownFileType = text.json; path = home.json; sourceTree = "<group>"; };
		EED5D4A12B30719B00CDD7B5 /* account.json */ = {isa = PBXFileReference; fileEncoding = 4; lastKnownFileType = text.json; path = account.json; sourceTree = "<group>"; };
		EED5D4A82B3071E800CDD7B5 /* AnimatedTabBar.swift */ = {isa = PBXFileReference; lastKnownFileType = sourcecode.swift; path = AnimatedTabBar.swift; sourceTree = "<group>"; };
		EED5D4AA2B30723900CDD7B5 /* TabTypes.swift */ = {isa = PBXFileReference; lastKnownFileType = sourcecode.swift; path = TabTypes.swift; sourceTree = "<group>"; };
		EED5D4AC2B30758200CDD7B5 /* AnimateTabbarViewModel.swift */ = {isa = PBXFileReference; lastKnownFileType = sourcecode.swift; path = AnimateTabbarViewModel.swift; sourceTree = "<group>"; };
		EEEF1F1F2B3086DB003A1DA2 /* Person.swift */ = {isa = PBXFileReference; lastKnownFileType = sourcecode.swift; path = Person.swift; sourceTree = "<group>"; };
		EEEF1F212B308F13003A1DA2 /* Building Reusable Components.xcassets */ = {isa = PBXFileReference; lastKnownFileType = folder.assetcatalog; path = "Building Reusable Components.xcassets"; sourceTree = "<group>"; };
		EEEF1F232B308F81003A1DA2 /* BuildingReusableComponents.swift */ = {isa = PBXFileReference; lastKnownFileType = sourcecode.swift; path = BuildingReusableComponents.swift; sourceTree = "<group>"; };
		EEEF1F252B3097F6003A1DA2 /* AvatarView.swift */ = {isa = PBXFileReference; lastKnownFileType = sourcecode.swift; path = AvatarView.swift; sourceTree = "<group>"; };
		EEEF1F272B30AA74003A1DA2 /* AvatarEnvironmentValues.swift */ = {isa = PBXFileReference; lastKnownFileType = sourcecode.swift; path = AvatarEnvironmentValues.swift; sourceTree = "<group>"; };
		EEEF1F292B30B2EF003A1DA2 /* DefaultAvatarStyle.swift */ = {isa = PBXFileReference; lastKnownFileType = sourcecode.swift; path = DefaultAvatarStyle.swift; sourceTree = "<group>"; };
/* End PBXFileReference section */

/* Begin PBXFrameworksBuildPhase section */
		EE2A7AC12A8E61DA00C03BB0 /* Frameworks */ = {
			isa = PBXFrameworksBuildPhase;
			buildActionMask = 2147483647;
			files = (
			);
			runOnlyForDeploymentPostprocessing = 0;
		};
/* End PBXFrameworksBuildPhase section */

/* Begin PBXGroup section */
		EE2A7ABB2A8E61DA00C03BB0 = {
			isa = PBXGroup;
			children = (
				EE2A7AC62A8E61DA00C03BB0 /* Practice SwiftUI */,
				EE2A7AC52A8E61DA00C03BB0 /* Products */,
			);
			sourceTree = "<group>";
		};
		EE2A7AC52A8E61DA00C03BB0 /* Products */ = {
			isa = PBXGroup;
			children = (
				EE2A7AC42A8E61DA00C03BB0 /* Practice SwiftUI.app */,
			);
			name = Products;
			sourceTree = "<group>";
		};
		EE2A7AC62A8E61DA00C03BB0 /* Practice SwiftUI */ = {
			isa = PBXGroup;
			children = (
				EEEF1F1E2B3086B9003A1DA2 /* Building Reusable Components */,
				EED5D49B2B3070B400CDD7B5 /* Animated Tab Icon */,
				EE2A7AF62A8E61EA00C03BB0 /* View */,
				EE2A7AC72A8E61DA00C03BB0 /* Practice_SwiftUIApp.swift */,
				EE2A7ACB2A8E61DB00C03BB0 /* Assets.xcassets */,
			);
			path = "Practice SwiftUI";
			sourceTree = "<group>";
		};
		EE2A7AF62A8E61EA00C03BB0 /* View */ = {
			isa = PBXGroup;
			children = (
				EE2A7AF72A8E61FB00C03BB0 /* StickyEffect.swift */,
				EE0F4BDA2ABA1ECB008A80ED /* ParticleEffect.swift */,
			);
			path = View;
			sourceTree = "<group>";
		};
		EED5D49B2B3070B400CDD7B5 /* Animated Tab Icon */ = {
			isa = PBXGroup;
			children = (
				EED5D49C2B30718700CDD7B5 /* Lotti Animations */,
				EED5D4A82B3071E800CDD7B5 /* AnimatedTabBar.swift */,
				EED5D4AA2B30723900CDD7B5 /* TabTypes.swift */,
				EED5D4AC2B30758200CDD7B5 /* AnimateTabbarViewModel.swift */,
			);
			path = "Animated Tab Icon";
			sourceTree = "<group>";
		};
		EED5D49C2B30718700CDD7B5 /* Lotti Animations */ = {
			isa = PBXGroup;
			children = (
				EED5D4A12B30719B00CDD7B5 /* account.json */,
				EED5D49D2B30719B00CDD7B5 /* bookmark.json */,
				EED5D49E2B30719B00CDD7B5 /* chat.json */,
				EED5D4A02B30719B00CDD7B5 /* home.json */,
				EED5D49F2B30719B00CDD7B5 /* notification.json */,
			);
			path = "Lotti Animations";
			sourceTree = "<group>";
		};
		EEEF1F1E2B3086B9003A1DA2 /* Building Reusable Components */ = {
			isa = PBXGroup;
			children = (
				EEEF1F232B308F81003A1DA2 /* BuildingReusableComponents.swift */,
				EEEF1F1F2B3086DB003A1DA2 /* Person.swift */,
				EEEF1F252B3097F6003A1DA2 /* AvatarView.swift */,
				EEEF1F272B30AA74003A1DA2 /* AvatarEnvironmentValues.swift */,
				EEEF1F212B308F13003A1DA2 /* Building Reusable Components.xcassets */,
				EEEF1F292B30B2EF003A1DA2 /* DefaultAvatarStyle.swift */,
			);
			path = "Building Reusable Components";
			sourceTree = "<group>";
		};
/* End PBXGroup section */

/* Begin PBXNativeTarget section */
		EE2A7AC32A8E61DA00C03BB0 /* Practice SwiftUI */ = {
			isa = PBXNativeTarget;
			buildConfigurationList = EE2A7AED2A8E61DB00C03BB0 /* Build configuration list for PBXNativeTarget "Practice SwiftUI" */;
			buildPhases = (
				EE2A7AC02A8E61DA00C03BB0 /* Sources */,
				EE2A7AC12A8E61DA00C03BB0 /* Frameworks */,
				EE2A7AC22A8E61DA00C03BB0 /* Resources */,
			);
			buildRules = (
			);
			dependencies = (
			);
			name = "Practice SwiftUI";
			packageProductDependencies = (
			);
			productName = "Practice SwiftUI";
			productReference = EE2A7AC42A8E61DA00C03BB0 /* Practice SwiftUI.app */;
			productType = "com.apple.product-type.application";
		};
/* End PBXNativeTarget section */

/* Begin PBXProject section */
		EE2A7ABC2A8E61DA00C03BB0 /* Project object */ = {
			isa = PBXProject;
			attributes = {
				BuildIndependentTargetsInParallel = 1;
				LastSwiftUpdateCheck = 1430;
				LastUpgradeCheck = 1500;
				TargetAttributes = {
					EE2A7AC32A8E61DA00C03BB0 = {
						CreatedOnToolsVersion = 14.3.1;
					};
				};
			};
			buildConfigurationList = EE2A7ABF2A8E61DA00C03BB0 /* Build configuration list for PBXProject "Practice SwiftUI" */;
			compatibilityVersion = "Xcode 14.0";
			developmentRegion = en;
			hasScannedForEncodings = 0;
			knownRegions = (
				en,
				Base,
			);
			mainGroup = EE2A7ABB2A8E61DA00C03BB0;
			packageReferences = (
			);
			productRefGroup = EE2A7AC52A8E61DA00C03BB0 /* Products */;
			projectDirPath = "";
			projectRoot = "";
			targets = (
				EE2A7AC32A8E61DA00C03BB0 /* Practice SwiftUI */,
			);
		};
/* End PBXProject section */

/* Begin PBXResourcesBuildPhase section */
		EE2A7AC22A8E61DA00C03BB0 /* Resources */ = {
			isa = PBXResourcesBuildPhase;
			buildActionMask = 2147483647;
			files = (
				EED5D4A52B30719B00CDD7B5 /* home.json in Resources */,
				EED5D4A62B30719B00CDD7B5 /* account.json in Resources */,
				EED5D4A42B30719B00CDD7B5 /* notification.json in Resources */,
				EED5D4A32B30719B00CDD7B5 /* chat.json in Resources */,
				EE2A7ACC2A8E61DB00C03BB0 /* Assets.xcassets in Resources */,
				EED5D4A22B30719B00CDD7B5 /* bookmark.json in Resources */,
				EEEF1F222B308F13003A1DA2 /* Building Reusable Components.xcassets in Resources */,
			);
			runOnlyForDeploymentPostprocessing = 0;
		};
/* End PBXResourcesBuildPhase section */

/* Begin PBXSourcesBuildPhase section */
		EE2A7AC02A8E61DA00C03BB0 /* Sources */ = {
			isa = PBXSourcesBuildPhase;
			buildActionMask = 2147483647;
			files = (
				EEEF1F2A2B30B2EF003A1DA2 /* DefaultAvatarStyle.swift in Sources */,
				EE2A7AF82A8E61FB00C03BB0 /* StickyEffect.swift in Sources */,
				EE0F4BDB2ABA1ECB008A80ED /* ParticleEffect.swift in Sources */,
				EED5D4AD2B30758200CDD7B5 /* AnimateTabbarViewModel.swift in Sources */,
				EED5D4A92B3071E800CDD7B5 /* AnimatedTabBar.swift in Sources */,
				EEEF1F242B308F81003A1DA2 /* BuildingReusableComponents.swift in Sources */,
				EEEF1F282B30AA74003A1DA2 /* AvatarEnvironmentValues.swift in Sources */,
				EEEF1F202B3086DB003A1DA2 /* Person.swift in Sources */,
				EE2A7AC82A8E61DA00C03BB0 /* Practice_SwiftUIApp.swift in Sources */,
				EEEF1F262B3097F6003A1DA2 /* AvatarView.swift in Sources */,
				EED5D4AB2B30723900CDD7B5 /* TabTypes.swift in Sources */,
			);
			runOnlyForDeploymentPostprocessing = 0;
		};
/* End PBXSourcesBuildPhase section */

/* Begin XCBuildConfiguration section */
		EE2A7AEB2A8E61DB00C03BB0 /* Debug */ = {
			isa = XCBuildConfiguration;
			buildSettings = {
				ALWAYS_SEARCH_USER_PATHS = NO;
				CLANG_ANALYZER_NONNULL = YES;
				CLANG_ANALYZER_NUMBER_OBJECT_CONVERSION = YES_AGGRESSIVE;
				CLANG_CXX_LANGUAGE_STANDARD = "gnu++20";
				CLANG_ENABLE_MODULES = YES;
				CLANG_ENABLE_OBJC_ARC = YES;
				CLANG_ENABLE_OBJC_WEAK = YES;
				CLANG_WARN_BLOCK_CAPTURE_AUTORELEASING = YES;
				CLANG_WARN_BOOL_CONVERSION = YES;
				CLANG_WARN_COMMA = YES;
				CLANG_WARN_CONSTANT_CONVERSION = YES;
				CLANG_WARN_DEPRECATED_OBJC_IMPLEMENTATIONS = YES;
				CLANG_WARN_DIRECT_OBJC_ISA_USAGE = YES_ERROR;
				CLANG_WARN_DOCUMENTATION_COMMENTS = YES;
				CLANG_WARN_EMPTY_BODY = YES;
				CLANG_WARN_ENUM_CONVERSION = YES;
				CLANG_WARN_INFINITE_RECURSION = YES;
				CLANG_WARN_INT_CONVERSION = YES;
				CLANG_WARN_NON_LITERAL_NULL_CONVERSION = YES;
				CLANG_WARN_OBJC_IMPLICIT_RETAIN_SELF = YES;
				CLANG_WARN_OBJC_LITERAL_CONVERSION = YES;
				CLANG_WARN_OBJC_ROOT_CLASS = YES_ERROR;
				CLANG_WARN_QUOTED_INCLUDE_IN_FRAMEWORK_HEADER = YES;
				CLANG_WARN_RANGE_LOOP_ANALYSIS = YES;
				CLANG_WARN_STRICT_PROTOTYPES = YES;
				CLANG_WARN_SUSPICIOUS_MOVE = YES;
				CLANG_WARN_UNGUARDED_AVAILABILITY = YES_AGGRESSIVE;
				CLANG_WARN_UNREACHABLE_CODE = YES;
				CLANG_WARN__DUPLICATE_METHOD_MATCH = YES;
				COPY_PHASE_STRIP = NO;
				DEBUG_INFORMATION_FORMAT = dwarf;
				ENABLE_STRICT_OBJC_MSGSEND = YES;
				ENABLE_TESTABILITY = YES;
				GCC_C_LANGUAGE_STANDARD = gnu11;
				GCC_DYNAMIC_NO_PIC = NO;
				GCC_NO_COMMON_BLOCKS = YES;
				GCC_OPTIMIZATION_LEVEL = 0;
				GCC_PREPROCESSOR_DEFINITIONS = (
					"DEBUG=1",
					"$(inherited)",
				);
				GCC_WARN_64_TO_32_BIT_CONVERSION = YES;
				GCC_WARN_ABOUT_RETURN_TYPE = YES_ERROR;
				GCC_WARN_UNDECLARED_SELECTOR = YES;
				GCC_WARN_UNINITIALIZED_AUTOS = YES_AGGRESSIVE;
				GCC_WARN_UNUSED_FUNCTION = YES;
				GCC_WARN_UNUSED_VARIABLE = YES;
				IPHONEOS_DEPLOYMENT_TARGET = 15.0;
				MTL_ENABLE_DEBUG_INFO = INCLUDE_SOURCE;
				MTL_FAST_MATH = YES;
				ONLY_ACTIVE_ARCH = YES;
				SDKROOT = iphoneos;
				SWIFT_ACTIVE_COMPILATION_CONDITIONS = DEBUG;
				SWIFT_OPTIMIZATION_LEVEL = "-Onone";
			};
			name = Debug;
		};
		EE2A7AEC2A8E61DB00C03BB0 /* Release */ = {
			isa = XCBuildConfiguration;
			buildSettings = {
				ALWAYS_SEARCH_USER_PATHS = NO;
				CLANG_ANALYZER_NONNULL = YES;
				CLANG_ANALYZER_NUMBER_OBJECT_CONVERSION = YES_AGGRESSIVE;
				CLANG_CXX_LANGUAGE_STANDARD = "gnu++20";
				CLANG_ENABLE_MODULES = YES;
				CLANG_ENABLE_OBJC_ARC = YES;
				CLANG_ENABLE_OBJC_WEAK = YES;
				CLANG_WARN_BLOCK_CAPTURE_AUTORELEASING = YES;
				CLANG_WARN_BOOL_CONVERSION = YES;
				CLANG_WARN_COMMA = YES;
				CLANG_WARN_CONSTANT_CONVERSION = YES;
				CLANG_WARN_DEPRECATED_OBJC_IMPLEMENTATIONS = YES;
				CLANG_WARN_DIRECT_OBJC_ISA_USAGE = YES_ERROR;
				CLANG_WARN_DOCUMENTATION_COMMENTS = YES;
				CLANG_WARN_EMPTY_BODY = YES;
				CLANG_WARN_ENUM_CONVERSION = YES;
				CLANG_WARN_INFINITE_RECURSION = YES;
				CLANG_WARN_INT_CONVERSION = YES;
				CLANG_WARN_NON_LITERAL_NULL_CONVERSION = YES;
				CLANG_WARN_OBJC_IMPLICIT_RETAIN_SELF = YES;
				CLANG_WARN_OBJC_LITERAL_CONVERSION = YES;
				CLANG_WARN_OBJC_ROOT_CLASS = YES_ERROR;
				CLANG_WARN_QUOTED_INCLUDE_IN_FRAMEWORK_HEADER = YES;
				CLANG_WARN_RANGE_LOOP_ANALYSIS = YES;
				CLANG_WARN_STRICT_PROTOTYPES = YES;
				CLANG_WARN_SUSPICIOUS_MOVE = YES;
				CLANG_WARN_UNGUARDED_AVAILABILITY = YES_AGGRESSIVE;
				CLANG_WARN_UNREACHABLE_CODE = YES;
				CLANG_WARN__DUPLICATE_METHOD_MATCH = YES;
				COPY_PHASE_STRIP = NO;
				DEBUG_INFORMATION_FORMAT = "dwarf-with-dsym";
				ENABLE_NS_ASSERTIONS = NO;
				ENABLE_STRICT_OBJC_MSGSEND = YES;
				GCC_C_LANGUAGE_STANDARD = gnu11;
				GCC_NO_COMMON_BLOCKS = YES;
				GCC_WARN_64_TO_32_BIT_CONVERSION = YES;
				GCC_WARN_ABOUT_RETURN_TYPE = YES_ERROR;
				GCC_WARN_UNDECLARED_SELECTOR = YES;
				GCC_WARN_UNINITIALIZED_AUTOS = YES_AGGRESSIVE;
				GCC_WARN_UNUSED_FUNCTION = YES;
				GCC_WARN_UNUSED_VARIABLE = YES;
				IPHONEOS_DEPLOYMENT_TARGET = 15.0;
				MTL_ENABLE_DEBUG_INFO = NO;
				MTL_FAST_MATH = YES;
				SDKROOT = iphoneos;
				SWIFT_COMPILATION_MODE = wholemodule;
				SWIFT_OPTIMIZATION_LEVEL = "-O";
				VALIDATE_PRODUCT = YES;
			};
			name = Release;
		};
		EE2A7AEE2A8E61DB00C03BB0 /* Debug */ = {
			isa = XCBuildConfiguration;
			buildSettings = {
				ASSETCATALOG_COMPILER_APPICON_NAME = AppIcon;
				ASSETCATALOG_COMPILER_GLOBAL_ACCENT_COLOR_NAME = AccentColor;
				CODE_SIGN_STYLE = Automatic;
				CURRENT_PROJECT_VERSION = 1;
				DEVELOPMENT_ASSET_PATHS = "Practice\\ SwiftUI/Animated\\ Tab\\ Icon/Lotti\\ Animations/bookmark.json Practice\\ SwiftUI/Animated\\ Tab\\ Icon/Lotti\\ Animations/home.json Practice\\ SwiftUI/Animated\\ Tab\\ Icon/Lotti\\ Animations/chat.json Practice\\ SwiftUI/Animated\\ Tab\\ Icon/Lotti\\ Animations/notification.json Practice\\ SwiftUI/Animated\\ Tab\\ Icon/Lotti\\ Animations/account.json Practice\\ SwiftUI/Assets.xcassets";
				DEVELOPMENT_TEAM = 4U8DMJ33ZN;
				ENABLE_PREVIEWS = YES;
				GENERATE_INFOPLIST_FILE = YES;
				INFOPLIST_KEY_UIApplicationSceneManifest_Generation = YES;
				INFOPLIST_KEY_UIApplicationSupportsIndirectInputEvents = YES;
				INFOPLIST_KEY_UILaunchScreen_Generation = YES;
				INFOPLIST_KEY_UISupportedInterfaceOrientations_iPad = "UIInterfaceOrientationPortrait UIInterfaceOrientationPortraitUpsideDown UIInterfaceOrientationLandscapeLeft UIInterfaceOrientationLandscapeRight";
				INFOPLIST_KEY_UISupportedInterfaceOrientations_iPhone = "UIInterfaceOrientationPortrait UIInterfaceOrientationLandscapeLeft UIInterfaceOrientationLandscapeRight";
				IPHONEOS_DEPLOYMENT_TARGET = 15.0;
				LD_RUNPATH_SEARCH_PATHS = (
					"$(inherited)",
					"@executable_path/Frameworks",
				);
				MARKETING_VERSION = 1.0;
				PRODUCT_BUNDLE_IDENTIFIER = "com.Practice-SwiftUI";
				PRODUCT_NAME = "$(TARGET_NAME)";
				SWIFT_EMIT_LOC_STRINGS = YES;
				SWIFT_VERSION = 5.0;
				TARGETED_DEVICE_FAMILY = "1,2";
			};
			name = Debug;
		};
		EE2A7AEF2A8E61DB00C03BB0 /* Release */ = {
			isa = XCBuildConfiguration;
			buildSettings = {
				ASSETCATALOG_COMPILER_APPICON_NAME = AppIcon;
				ASSETCATALOG_COMPILER_GLOBAL_ACCENT_COLOR_NAME = AccentColor;
				CODE_SIGN_STYLE = Automatic;
				CURRENT_PROJECT_VERSION = 1;
				DEVELOPMENT_ASSET_PATHS = "Practice\\ SwiftUI/Animated\\ Tab\\ Icon/Lotti\\ Animations/bookmark.json Practice\\ SwiftUI/Animated\\ Tab\\ Icon/Lotti\\ Animations/home.json Practice\\ SwiftUI/Animated\\ Tab\\ Icon/Lotti\\ Animations/chat.json Practice\\ SwiftUI/Animated\\ Tab\\ Icon/Lotti\\ Animations/notification.json Practice\\ SwiftUI/Animated\\ Tab\\ Icon/Lotti\\ Animations/account.json Practice\\ SwiftUI/Assets.xcassets";
				DEVELOPMENT_TEAM = 4U8DMJ33ZN;
				ENABLE_PREVIEWS = YES;
				GENERATE_INFOPLIST_FILE = YES;
				INFOPLIST_KEY_UIApplicationSceneManifest_Generation = YES;
				INFOPLIST_KEY_UIApplicationSupportsIndirectInputEvents = YES;
				INFOPLIST_KEY_UILaunchScreen_Generation = YES;
				INFOPLIST_KEY_UISupportedInterfaceOrientations_iPad = "UIInterfaceOrientationPortrait UIInterfaceOrientationPortraitUpsideDown UIInterfaceOrientationLandscapeLeft UIInterfaceOrientationLandscapeRight";
				INFOPLIST_KEY_UISupportedInterfaceOrientations_iPhone = "UIInterfaceOrientationPortrait UIInterfaceOrientationLandscapeLeft UIInterfaceOrientationLandscapeRight";
				IPHONEOS_DEPLOYMENT_TARGET = 15.0;
				LD_RUNPATH_SEARCH_PATHS = (
					"$(inherited)",
					"@executable_path/Frameworks",
				);
				MARKETING_VERSION = 1.0;
				PRODUCT_BUNDLE_IDENTIFIER = "com.Practice-SwiftUI";
				PRODUCT_NAME = "$(TARGET_NAME)";
				SWIFT_EMIT_LOC_STRINGS = YES;
				SWIFT_VERSION = 5.0;
				TARGETED_DEVICE_FAMILY = "1,2";
			};
			name = Release;
		};
/* End XCBuildConfiguration section */

/* Begin XCConfigurationList section */
		EE2A7ABF2A8E61DA00C03BB0 /* Build configuration list for PBXProject "Practice SwiftUI" */ = {
			isa = XCConfigurationList;
			buildConfigurations = (
				EE2A7AEB2A8E61DB00C03BB0 /* Debug */,
				EE2A7AEC2A8E61DB00C03BB0 /* Release */,
			);
			defaultConfigurationIsVisible = 0;
			defaultConfigurationName = Release;
		};
		EE2A7AED2A8E61DB00C03BB0 /* Build configuration list for PBXNativeTarget "Practice SwiftUI" */ = {
			isa = XCConfigurationList;
			buildConfigurations = (
				EE2A7AEE2A8E61DB00C03BB0 /* Debug */,
				EE2A7AEF2A8E61DB00C03BB0 /* Release */,
			);
			defaultConfigurationIsVisible = 0;
			defaultConfigurationName = Release;
		};
/* End XCConfigurationList section */
	};
	rootObject = EE2A7ABC2A8E61DA00C03BB0 /* Project object */;
}
